
Microsoft Visual Studio Solution File, Format Version 12.00
# Visual Studio Version 16
VisualStudioVersion = 16.0.28729.10
MinimumVisualStudioVersion = 10.0.40219.1
Project("{FAE04EC0-301F-11D3-BF4B-00C04F79EFBC}") = "ejercicio", "ejercicio\ejercicio.csproj", "{C01F55DA-2730-4E04-A88C-DFEF6E5AA8CF}"
EndProject
Project("{FAE04EC0-301F-11D3-BF4B-00C04F79EFBC}") = "Colecciones", "Colecciones\Colecciones.csproj", "{A06B8AD9-4F48-498E-BE36-B9E4BB4560A7}"
EndProject
Project("{FAE04EC0-301F-11D3-BF4B-00C04F79EFBC}") = "Programa01_01", "Programa01\Programa01_01.csproj", "{AD0E94EC-3DA8-417A-A4A8-998D3B62F736}"
EndProject
Project("{FAE04EC0-301F-11D3-BF4B-00C04F79EFBC}") = "Programa01_02", "Porgrama02\Programa01_02.csproj", "{9FE7AEDA-907F-440B-8F35-71CF175CC2E7}"
EndProject
Project("{FAE04EC0-301F-11D3-BF4B-00C04F79EFBC}") = "Programa01_03", "Programa03\Programa01_03.csproj", "{D3C95A67-FC5C-453C-A166-D1909841C54A}"
EndProject
Project("{FAE04EC0-301F-11D3-BF4B-00C04F79EFBC}") = "Programa01_04", "Programa04\Programa01_04.csproj", "{AECB0056-7DC0-4BEF-A04F-30774B91F450}"
EndProject
Project("{FAE04EC0-301F-11D3-BF4B-00C04F79EFBC}") = "Programa01_05", "Programa05\Programa01_05.csproj", "{B3C9C44E-94FD-4A82-B9A2-60C0DC13E61A}"
EndProject
Project("{FAE04EC0-301F-11D3-BF4B-00C04F79EFBC}") = "Programa02_01", "Programa02_01\Programa02_01.csproj", "{CFE16893-14F9-4F48-8EFF-ADAD49009A1B}"
EndProject
Project("{FAE04EC0-301F-11D3-BF4B-00C04F79EFBC}") = "Programa02_03", "Programa02_03\Programa02_03.csproj", "{81AA76FF-29F8-4E50-9CB9-6E655751A040}"
EndProject
Project("{FAE04EC0-301F-11D3-BF4B-00C04F79EFBC}") = "Programa02_02", "Programa02_02\Programa02_02.csproj", "{F5864082-D752-4145-9394-820CF50B9FC7}"
EndProject
Project("{FAE04EC0-301F-11D3-BF4B-00C04F79EFBC}") = "Practica01", "Practica01\Practica01.csproj", "{CDDD4F59-1EB0-47FE-9BD1-C68B581A566E}"
EndProject
Project("{FAE04EC0-301F-11D3-BF4B-00C04F79EFBC}") = "Programa02_04", "Programa02_04\Programa02_04.csproj", "{F892B3D4-2253-4009-9C39-C5F0AB22B7E8}"
EndProject
Project("{FAE04EC0-301F-11D3-BF4B-00C04F79EFBC}") = "Programa03_01", "Programa03_01\Programa03_01.csproj", "{F01B3D12-63B8-41A8-B05F-C4DE0E8F7057}"
EndProject
Project("{FAE04EC0-301F-11D3-BF4B-00C04F79EFBC}") = "Programa03_02", "Programa03_02\Programa03_02.csproj", "{FC85FB10-CAEE-4300-84BD-E11899EA80ED}"
EndProject
Project("{FAE04EC0-301F-11D3-BF4B-00C04F79EFBC}") = "Programa04_01", "Programa04_01\Programa04_01.csproj", "{62669721-E551-44CB-BA6D-A9D188541ACF}"
EndProject
Project("{FAE04EC0-301F-11D3-BF4B-00C04F79EFBC}") = "Programa05_01", "Programa05_01\Programa05_01.csproj", "{31CDF1A8-589A-40D1-8603-161B5CE52279}"
EndProject
Project("{FAE04EC0-301F-11D3-BF4B-00C04F79EFBC}") = "Programa05_02", "Programa05_02\Programa05_02.csproj", "{39495B8A-E11D-4BC2-A904-38E4C4BD36D4}"
EndProject
Project("{FAE04EC0-301F-11D3-BF4B-00C04F79EFBC}") = "Programa05_03", "Programa05_03\Programa05_03.csproj", "{31AAAFB8-95BD-487F-9BE2-8A2501E581DD}"
EndProject
Project("{FAE04EC0-301F-11D3-BF4B-00C04F79EFBC}") = "Programa05_04", "Programa05_04\Programa05_04.csproj", "{0CC7E40F-67F3-42E0-B57A-EB1F92B13242}"
EndProject
Project("{FAE04EC0-301F-11D3-BF4B-00C04F79EFBC}") = "Programa05_06", "Programa05_06\Programa05_06.csproj", "{0BCDE83E-46FA-4699-ABE0-BE0A5B637383}"
EndProject
Project("{FAE04EC0-301F-11D3-BF4B-00C04F79EFBC}") = "Programa05_07", "Programa05_07\Programa05_07.csproj", "{E6FFE73B-928A-46CB-8C6F-6B04E54F0892}"
EndProject
Project("{FAE04EC0-301F-11D3-BF4B-00C04F79EFBC}") = "Programa05_08", "Programa05_08\Programa05_08.csproj", "{E8068C6A-C30E-4E54-8DAD-6D99B762BBE6}"
EndProject
Project("{FAE04EC0-301F-11D3-BF4B-00C04F79EFBC}") = "Programa06_01", "Programa06_01\Programa06_01.csproj", "{47AFECD0-2F00-4982-966D-19DA819563EF}"
EndProject
Project("{FAE04EC0-301F-11D3-BF4B-00C04F79EFBC}") = "Programa06_02", "Programa06_02\Programa06_02.csproj", "{FFFD7E38-191C-4DD7-B705-F8A96925307F}"
EndProject
Project("{FAE04EC0-301F-11D3-BF4B-00C04F79EFBC}") = "Programa06_03", "Programa06_03\Programa06_03.csproj", "{F788CA4C-4EF5-4C9F-9E29-153DE633134A}"
EndProject
Project("{FAE04EC0-301F-11D3-BF4B-00C04F79EFBC}") = "Programa06_04", "Programa06_04\Programa06_04.csproj", "{B8AD8786-771A-4B99-8A71-395866E28807}"
EndProject
Project("{FAE04EC0-301F-11D3-BF4B-00C04F79EFBC}") = "Programa05_05", "Programa05_05\Programa05_05.csproj", "{FA7734F8-881D-4276-86F1-6CDA54B0AD30}"
EndProject
Project("{FAE04EC0-301F-11D3-BF4B-00C04F79EFBC}") = "Programa06_05", "Programa06_05\Programa06_05.csproj", "{650DE3F1-5DA4-4D77-A15D-B8587ECEFEDE}"
EndProject
Project("{FAE04EC0-301F-11D3-BF4B-00C04F79EFBC}") = "Programa06_06", "Programa06_06\Programa06_06.csproj", "{BE06734D-65E2-45E6-B9FE-884FE55A2370}"
EndProject
Project("{FAE04EC0-301F-11D3-BF4B-00C04F79EFBC}") = "Programa06_07", "Programa06_07\Programa06_07.csproj", "{50C24BDD-6B96-4445-92D2-0E88766DC441}"
EndProject
Global
	GlobalSection(SolutionConfigurationPlatforms) = preSolution
		Debug|Any CPU = Debug|Any CPU
		Release|Any CPU = Release|Any CPU
	EndGlobalSection
	GlobalSection(ProjectConfigurationPlatforms) = postSolution
		{C01F55DA-2730-4E04-A88C-DFEF6E5AA8CF}.Debug|Any CPU.ActiveCfg = Debug|Any CPU
		{C01F55DA-2730-4E04-A88C-DFEF6E5AA8CF}.Debug|Any CPU.Build.0 = Debug|Any CPU
		{C01F55DA-2730-4E04-A88C-DFEF6E5AA8CF}.Release|Any CPU.ActiveCfg = Release|Any CPU
		{C01F55DA-2730-4E04-A88C-DFEF6E5AA8CF}.Release|Any CPU.Build.0 = Release|Any CPU
		{A06B8AD9-4F48-498E-BE36-B9E4BB4560A7}.Debug|Any CPU.ActiveCfg = Debug|Any CPU
		{A06B8AD9-4F48-498E-BE36-B9E4BB4560A7}.Debug|Any CPU.Build.0 = Debug|Any CPU
		{A06B8AD9-4F48-498E-BE36-B9E4BB4560A7}.Release|Any CPU.ActiveCfg = Release|Any CPU
		{A06B8AD9-4F48-498E-BE36-B9E4BB4560A7}.Release|Any CPU.Build.0 = Release|Any CPU
		{AD0E94EC-3DA8-417A-A4A8-998D3B62F736}.Debug|Any CPU.ActiveCfg = Debug|Any CPU
		{AD0E94EC-3DA8-417A-A4A8-998D3B62F736}.Debug|Any CPU.Build.0 = Debug|Any CPU
		{AD0E94EC-3DA8-417A-A4A8-998D3B62F736}.Release|Any CPU.ActiveCfg = Release|Any CPU
		{AD0E94EC-3DA8-417A-A4A8-998D3B62F736}.Release|Any CPU.Build.0 = Release|Any CPU
		{9FE7AEDA-907F-440B-8F35-71CF175CC2E7}.Debug|Any CPU.ActiveCfg = Debug|Any CPU
		{9FE7AEDA-907F-440B-8F35-71CF175CC2E7}.Debug|Any CPU.Build.0 = Debug|Any CPU
		{9FE7AEDA-907F-440B-8F35-71CF175CC2E7}.Release|Any CPU.ActiveCfg = Release|Any CPU
		{9FE7AEDA-907F-440B-8F35-71CF175CC2E7}.Release|Any CPU.Build.0 = Release|Any CPU
		{D3C95A67-FC5C-453C-A166-D1909841C54A}.Debug|Any CPU.ActiveCfg = Debug|Any CPU
		{D3C95A67-FC5C-453C-A166-D1909841C54A}.Debug|Any CPU.Build.0 = Debug|Any CPU
		{D3C95A67-FC5C-453C-A166-D1909841C54A}.Release|Any CPU.ActiveCfg = Release|Any CPU
		{D3C95A67-FC5C-453C-A166-D1909841C54A}.Release|Any CPU.Build.0 = Release|Any CPU
		{AECB0056-7DC0-4BEF-A04F-30774B91F450}.Debug|Any CPU.ActiveCfg = Debug|Any CPU
		{AECB0056-7DC0-4BEF-A04F-30774B91F450}.Debug|Any CPU.Build.0 = Debug|Any CPU
		{AECB0056-7DC0-4BEF-A04F-30774B91F450}.Release|Any CPU.ActiveCfg = Release|Any CPU
		{AECB0056-7DC0-4BEF-A04F-30774B91F450}.Release|Any CPU.Build.0 = Release|Any CPU
		{B3C9C44E-94FD-4A82-B9A2-60C0DC13E61A}.Debug|Any CPU.ActiveCfg = Debug|Any CPU
		{B3C9C44E-94FD-4A82-B9A2-60C0DC13E61A}.Debug|Any CPU.Build.0 = Debug|Any CPU
		{B3C9C44E-94FD-4A82-B9A2-60C0DC13E61A}.Release|Any CPU.ActiveCfg = Release|Any CPU
		{B3C9C44E-94FD-4A82-B9A2-60C0DC13E61A}.Release|Any CPU.Build.0 = Release|Any CPU
		{CFE16893-14F9-4F48-8EFF-ADAD49009A1B}.Debug|Any CPU.ActiveCfg = Debug|Any CPU
		{CFE16893-14F9-4F48-8EFF-ADAD49009A1B}.Debug|Any CPU.Build.0 = Debug|Any CPU
		{CFE16893-14F9-4F48-8EFF-ADAD49009A1B}.Release|Any CPU.ActiveCfg = Release|Any CPU
		{CFE16893-14F9-4F48-8EFF-ADAD49009A1B}.Release|Any CPU.Build.0 = Release|Any CPU
		{81AA76FF-29F8-4E50-9CB9-6E655751A040}.Debug|Any CPU.ActiveCfg = Debug|Any CPU
		{81AA76FF-29F8-4E50-9CB9-6E655751A040}.Debug|Any CPU.Build.0 = Debug|Any CPU
		{81AA76FF-29F8-4E50-9CB9-6E655751A040}.Release|Any CPU.ActiveCfg = Release|Any CPU
		{81AA76FF-29F8-4E50-9CB9-6E655751A040}.Release|Any CPU.Build.0 = Release|Any CPU
		{F5864082-D752-4145-9394-820CF50B9FC7}.Debug|Any CPU.ActiveCfg = Debug|Any CPU
		{F5864082-D752-4145-9394-820CF50B9FC7}.Debug|Any CPU.Build.0 = Debug|Any CPU
		{F5864082-D752-4145-9394-820CF50B9FC7}.Release|Any CPU.ActiveCfg = Release|Any CPU
		{F5864082-D752-4145-9394-820CF50B9FC7}.Release|Any CPU.Build.0 = Release|Any CPU
		{CDDD4F59-1EB0-47FE-9BD1-C68B581A566E}.Debug|Any CPU.ActiveCfg = Debug|Any CPU
		{CDDD4F59-1EB0-47FE-9BD1-C68B581A566E}.Debug|Any CPU.Build.0 = Debug|Any CPU
		{CDDD4F59-1EB0-47FE-9BD1-C68B581A566E}.Release|Any CPU.ActiveCfg = Release|Any CPU
		{CDDD4F59-1EB0-47FE-9BD1-C68B581A566E}.Release|Any CPU.Build.0 = Release|Any CPU
		{F892B3D4-2253-4009-9C39-C5F0AB22B7E8}.Debug|Any CPU.ActiveCfg = Debug|Any CPU
		{F892B3D4-2253-4009-9C39-C5F0AB22B7E8}.Debug|Any CPU.Build.0 = Debug|Any CPU
		{F892B3D4-2253-4009-9C39-C5F0AB22B7E8}.Release|Any CPU.ActiveCfg = Release|Any CPU
		{F892B3D4-2253-4009-9C39-C5F0AB22B7E8}.Release|Any CPU.Build.0 = Release|Any CPU
		{F01B3D12-63B8-41A8-B05F-C4DE0E8F7057}.Debug|Any CPU.ActiveCfg = Debug|Any CPU
		{F01B3D12-63B8-41A8-B05F-C4DE0E8F7057}.Debug|Any CPU.Build.0 = Debug|Any CPU
		{F01B3D12-63B8-41A8-B05F-C4DE0E8F7057}.Release|Any CPU.ActiveCfg = Release|Any CPU
		{F01B3D12-63B8-41A8-B05F-C4DE0E8F7057}.Release|Any CPU.Build.0 = Release|Any CPU
		{FC85FB10-CAEE-4300-84BD-E11899EA80ED}.Debug|Any CPU.ActiveCfg = Debug|Any CPU
		{FC85FB10-CAEE-4300-84BD-E11899EA80ED}.Debug|Any CPU.Build.0 = Debug|Any CPU
		{FC85FB10-CAEE-4300-84BD-E11899EA80ED}.Release|Any CPU.ActiveCfg = Release|Any CPU
		{FC85FB10-CAEE-4300-84BD-E11899EA80ED}.Release|Any CPU.Build.0 = Release|Any CPU
		{62669721-E551-44CB-BA6D-A9D188541ACF}.Debug|Any CPU.ActiveCfg = Debug|Any CPU
		{62669721-E551-44CB-BA6D-A9D188541ACF}.Debug|Any CPU.Build.0 = Debug|Any CPU
		{62669721-E551-44CB-BA6D-A9D188541ACF}.Release|Any CPU.ActiveCfg = Release|Any CPU
		{62669721-E551-44CB-BA6D-A9D188541ACF}.Release|Any CPU.Build.0 = Release|Any CPU
		{31CDF1A8-589A-40D1-8603-161B5CE52279}.Debug|Any CPU.ActiveCfg = Debug|Any CPU
		{31CDF1A8-589A-40D1-8603-161B5CE52279}.Debug|Any CPU.Build.0 = Debug|Any CPU
		{31CDF1A8-589A-40D1-8603-161B5CE52279}.Release|Any CPU.ActiveCfg = Release|Any CPU
		{31CDF1A8-589A-40D1-8603-161B5CE52279}.Release|Any CPU.Build.0 = Release|Any CPU
		{39495B8A-E11D-4BC2-A904-38E4C4BD36D4}.Debug|Any CPU.ActiveCfg = Debug|Any CPU
		{39495B8A-E11D-4BC2-A904-38E4C4BD36D4}.Debug|Any CPU.Build.0 = Debug|Any CPU
		{39495B8A-E11D-4BC2-A904-38E4C4BD36D4}.Release|Any CPU.ActiveCfg = Release|Any CPU
		{39495B8A-E11D-4BC2-A904-38E4C4BD36D4}.Release|Any CPU.Build.0 = Release|Any CPU
		{31AAAFB8-95BD-487F-9BE2-8A2501E581DD}.Debug|Any CPU.ActiveCfg = Debug|Any CPU
		{31AAAFB8-95BD-487F-9BE2-8A2501E581DD}.Debug|Any CPU.Build.0 = Debug|Any CPU
		{31AAAFB8-95BD-487F-9BE2-8A2501E581DD}.Release|Any CPU.ActiveCfg = Release|Any CPU
		{31AAAFB8-95BD-487F-9BE2-8A2501E581DD}.Release|Any CPU.Build.0 = Release|Any CPU
		{0CC7E40F-67F3-42E0-B57A-EB1F92B13242}.Debug|Any CPU.ActiveCfg = Debug|Any CPU
		{0CC7E40F-67F3-42E0-B57A-EB1F92B13242}.Debug|Any CPU.Build.0 = Debug|Any CPU
		{0CC7E40F-67F3-42E0-B57A-EB1F92B13242}.Release|Any CPU.ActiveCfg = Release|Any CPU
		{0CC7E40F-67F3-42E0-B57A-EB1F92B13242}.Release|Any CPU.Build.0 = Release|Any CPU
		{0BCDE83E-46FA-4699-ABE0-BE0A5B637383}.Debug|Any CPU.ActiveCfg = Debug|Any CPU
		{0BCDE83E-46FA-4699-ABE0-BE0A5B637383}.Debug|Any CPU.Build.0 = Debug|Any CPU
		{0BCDE83E-46FA-4699-ABE0-BE0A5B637383}.Release|Any CPU.ActiveCfg = Release|Any CPU
		{0BCDE83E-46FA-4699-ABE0-BE0A5B637383}.Release|Any CPU.Build.0 = Release|Any CPU
		{E6FFE73B-928A-46CB-8C6F-6B04E54F0892}.Debug|Any CPU.ActiveCfg = Debug|Any CPU
		{E6FFE73B-928A-46CB-8C6F-6B04E54F0892}.Debug|Any CPU.Build.0 = Debug|Any CPU
		{E6FFE73B-928A-46CB-8C6F-6B04E54F0892}.Release|Any CPU.ActiveCfg = Release|Any CPU
		{E6FFE73B-928A-46CB-8C6F-6B04E54F0892}.Release|Any CPU.Build.0 = Release|Any CPU
		{E8068C6A-C30E-4E54-8DAD-6D99B762BBE6}.Debug|Any CPU.ActiveCfg = Debug|Any CPU
		{E8068C6A-C30E-4E54-8DAD-6D99B762BBE6}.Debug|Any CPU.Build.0 = Debug|Any CPU
		{E8068C6A-C30E-4E54-8DAD-6D99B762BBE6}.Release|Any CPU.ActiveCfg = Release|Any CPU
		{E8068C6A-C30E-4E54-8DAD-6D99B762BBE6}.Release|Any CPU.Build.0 = Release|Any CPU
		{47AFECD0-2F00-4982-966D-19DA819563EF}.Debug|Any CPU.ActiveCfg = Debug|Any CPU
		{47AFECD0-2F00-4982-966D-19DA819563EF}.Debug|Any CPU.Build.0 = Debug|Any CPU
		{47AFECD0-2F00-4982-966D-19DA819563EF}.Release|Any CPU.ActiveCfg = Release|Any CPU
		{47AFECD0-2F00-4982-966D-19DA819563EF}.Release|Any CPU.Build.0 = Release|Any CPU
		{FFFD7E38-191C-4DD7-B705-F8A96925307F}.Debug|Any CPU.ActiveCfg = Debug|Any CPU
		{FFFD7E38-191C-4DD7-B705-F8A96925307F}.Debug|Any CPU.Build.0 = Debug|Any CPU
		{FFFD7E38-191C-4DD7-B705-F8A96925307F}.Release|Any CPU.ActiveCfg = Release|Any CPU
		{FFFD7E38-191C-4DD7-B705-F8A96925307F}.Release|Any CPU.Build.0 = Release|Any CPU
		{F788CA4C-4EF5-4C9F-9E29-153DE633134A}.Debug|Any CPU.ActiveCfg = Debug|Any CPU
		{F788CA4C-4EF5-4C9F-9E29-153DE633134A}.Debug|Any CPU.Build.0 = Debug|Any CPU
		{F788CA4C-4EF5-4C9F-9E29-153DE633134A}.Release|Any CPU.ActiveCfg = Release|Any CPU
		{F788CA4C-4EF5-4C9F-9E29-153DE633134A}.Release|Any CPU.Build.0 = Release|Any CPU
		{B8AD8786-771A-4B99-8A71-395866E28807}.Debug|Any CPU.ActiveCfg = Debug|Any CPU
		{B8AD8786-771A-4B99-8A71-395866E28807}.Debug|Any CPU.Build.0 = Debug|Any CPU
		{B8AD8786-771A-4B99-8A71-395866E28807}.Release|Any CPU.ActiveCfg = Release|Any CPU
		{B8AD8786-771A-4B99-8A71-395866E28807}.Release|Any CPU.Build.0 = Release|Any CPU
		{FA7734F8-881D-4276-86F1-6CDA54B0AD30}.Debug|Any CPU.ActiveCfg = Debug|Any CPU
		{FA7734F8-881D-4276-86F1-6CDA54B0AD30}.Debug|Any CPU.Build.0 = Debug|Any CPU
		{FA7734F8-881D-4276-86F1-6CDA54B0AD30}.Release|Any CPU.ActiveCfg = Release|Any CPU
		{FA7734F8-881D-4276-86F1-6CDA54B0AD30}.Release|Any CPU.Build.0 = Release|Any CPU
		{650DE3F1-5DA4-4D77-A15D-B8587ECEFEDE}.Debug|Any CPU.ActiveCfg = Debug|Any CPU
		{650DE3F1-5DA4-4D77-A15D-B8587ECEFEDE}.Debug|Any CPU.Build.0 = Debug|Any CPU
		{650DE3F1-5DA4-4D77-A15D-B8587ECEFEDE}.Release|Any CPU.ActiveCfg = Release|Any CPU
		{650DE3F1-5DA4-4D77-A15D-B8587ECEFEDE}.Release|Any CPU.Build.0 = Release|Any CPU
		{BE06734D-65E2-45E6-B9FE-884FE55A2370}.Debug|Any CPU.ActiveCfg = Debug|Any CPU
		{BE06734D-65E2-45E6-B9FE-884FE55A2370}.Debug|Any CPU.Build.0 = Debug|Any CPU
		{BE06734D-65E2-45E6-B9FE-884FE55A2370}.Release|Any CPU.ActiveCfg = Release|Any CPU
		{BE06734D-65E2-45E6-B9FE-884FE55A2370}.Release|Any CPU.Build.0 = Release|Any CPU
		{50C24BDD-6B96-4445-92D2-0E88766DC441}.Debug|Any CPU.ActiveCfg = Debug|Any CPU
		{50C24BDD-6B96-4445-92D2-0E88766DC441}.Debug|Any CPU.Build.0 = Debug|Any CPU
		{50C24BDD-6B96-4445-92D2-0E88766DC441}.Release|Any CPU.ActiveCfg = Release|Any CPU
		{50C24BDD-6B96-4445-92D2-0E88766DC441}.Release|Any CPU.Build.0 = Release|Any CPU
	EndGlobalSection
	GlobalSection(SolutionProperties) = preSolution
		HideSolutionNode = FALSE
	EndGlobalSection
	GlobalSection(ExtensibilityGlobals) = postSolution
		SolutionGuid = {5F08377E-4DE0-4F0C-837D-50A12A0403B7}
	EndGlobalSection
EndGlobal
